
Microsoft Visual Studio Solution File, Format Version 11.00
# Visual Studio 2010
Project("{FAE04EC0-301F-11D3-BF4B-00C04F79EFBC}") = "OfflineParticleSwarmOptimization", "OfflineParticleSwarmOptimization\OfflineParticleSwarmOptimization.csproj", "{A168D8BE-8F91-4ED2-A4EA-8163E17ABEEE}"
EndProject
Project("{FAE04EC0-301F-11D3-BF4B-00C04F79EFBC}") = "OfflineParticleSwarmOptimizationTest", "OfflineParticleSwarmOptimizationTest\OfflineParticleSwarmOptimizationTest.csproj", "{AEB25185-9B32-4AE7-A1C0-6CCA5756D300}"
EndProject
Project("{2150E333-8FDC-42A3-9474-1A3956D46DE8}") = "Solution Items", "Solution Items", "{2DB5F7CA-5656-41A7-BECE-0392C115173A}"
	ProjectSection(SolutionItems) = preProject
		Local.testsettings = Local.testsettings
		OfflineParticleSwarmOptimization.vsmdi = OfflineParticleSwarmOptimization.vsmdi
		TraceAndTestImpact.testsettings = TraceAndTestImpact.testsettings
	EndProjectSection
EndProject
Project("{FAE04EC0-301F-11D3-BF4B-00C04F79EFBC}") = "UnmanagedPSOWrapper", "UnmanagedPSOWrapper\UnmanagedPSOWrapper.csproj", "{46715A67-B134-473C-ACE4-EF6AA1C0E688}"
EndProject
Project("{FAE04EC0-301F-11D3-BF4B-00C04F79EFBC}") = "UnmanagedPSOTest", "UnmanagedPSOTest\UnmanagedPSOTest.csproj", "{60D5DCD4-EF7A-4C06-90A9-314D92EE4E50}"
EndProject
Global
	GlobalSection(TestCaseManagementSettings) = postSolution
		CategoryFile = OfflineParticleSwarmOptimization.vsmdi
	EndGlobalSection
	GlobalSection(SolutionConfigurationPlatforms) = preSolution
		Debug|Any CPU = Debug|Any CPU
		Debug|x64 = Debug|x64
		Debug|x86 = Debug|x86
		Release|Any CPU = Release|Any CPU
		Release|x64 = Release|x64
		Release|x86 = Release|x86
	EndGlobalSection
	GlobalSection(ProjectConfigurationPlatforms) = postSolution
		{A168D8BE-8F91-4ED2-A4EA-8163E17ABEEE}.Debug|Any CPU.ActiveCfg = Debug|Any CPU
		{A168D8BE-8F91-4ED2-A4EA-8163E17ABEEE}.Debug|Any CPU.Build.0 = Debug|Any CPU
		{A168D8BE-8F91-4ED2-A4EA-8163E17ABEEE}.Debug|x64.ActiveCfg = Debug|Any CPU
		{A168D8BE-8F91-4ED2-A4EA-8163E17ABEEE}.Debug|x86.ActiveCfg = Debug|Any CPU
		{A168D8BE-8F91-4ED2-A4EA-8163E17ABEEE}.Release|Any CPU.ActiveCfg = Release|Any CPU
		{A168D8BE-8F91-4ED2-A4EA-8163E17ABEEE}.Release|Any CPU.Build.0 = Release|Any CPU
		{A168D8BE-8F91-4ED2-A4EA-8163E17ABEEE}.Release|x64.ActiveCfg = Release|Any CPU
		{A168D8BE-8F91-4ED2-A4EA-8163E17ABEEE}.Release|x86.ActiveCfg = Release|Any CPU
		{AEB25185-9B32-4AE7-A1C0-6CCA5756D300}.Debug|Any CPU.ActiveCfg = Debug|Any CPU
		{AEB25185-9B32-4AE7-A1C0-6CCA5756D300}.Debug|Any CPU.Build.0 = Debug|Any CPU
		{AEB25185-9B32-4AE7-A1C0-6CCA5756D300}.Debug|x64.ActiveCfg = Debug|Any CPU
		{AEB25185-9B32-4AE7-A1C0-6CCA5756D300}.Debug|x86.ActiveCfg = Debug|Any CPU
		{AEB25185-9B32-4AE7-A1C0-6CCA5756D300}.Release|Any CPU.ActiveCfg = Release|Any CPU
		{AEB25185-9B32-4AE7-A1C0-6CCA5756D300}.Release|Any CPU.Build.0 = Release|Any CPU
		{AEB25185-9B32-4AE7-A1C0-6CCA5756D300}.Release|x64.ActiveCfg = Release|Any CPU
		{AEB25185-9B32-4AE7-A1C0-6CCA5756D300}.Release|x86.ActiveCfg = Release|Any CPU
		{46715A67-B134-473C-ACE4-EF6AA1C0E688}.Debug|Any CPU.ActiveCfg = Debug|Any CPU
		{46715A67-B134-473C-ACE4-EF6AA1C0E688}.Debug|Any CPU.Build.0 = Debug|Any CPU
		{46715A67-B134-473C-ACE4-EF6AA1C0E688}.Debug|x64.ActiveCfg = Debug|x64
		{46715A67-B134-473C-ACE4-EF6AA1C0E688}.Debug|x64.Build.0 = Debug|x64
		{46715A67-B134-473C-ACE4-EF6AA1C0E688}.Debug|x86.ActiveCfg = Debug|x86
		{46715A67-B134-473C-ACE4-EF6AA1C0E688}.Debug|x86.Build.0 = Debug|x86
		{46715A67-B134-473C-ACE4-EF6AA1C0E688}.Release|Any CPU.ActiveCfg = Release|Any CPU
		{46715A67-B134-473C-ACE4-EF6AA1C0E688}.Release|Any CPU.Build.0 = Release|Any CPU
		{46715A67-B134-473C-ACE4-EF6AA1C0E688}.Release|x64.ActiveCfg = Release|x64
		{46715A67-B134-473C-ACE4-EF6AA1C0E688}.Release|x64.Build.0 = Release|x64
		{46715A67-B134-473C-ACE4-EF6AA1C0E688}.Release|x86.ActiveCfg = Release|x86
		{46715A67-B134-473C-ACE4-EF6AA1C0E688}.Release|x86.Build.0 = Release|x86
		{60D5DCD4-EF7A-4C06-90A9-314D92EE4E50}.Debug|Any CPU.ActiveCfg = Debug|Any CPU
		{60D5DCD4-EF7A-4C06-90A9-314D92EE4E50}.Debug|Any CPU.Build.0 = Debug|Any CPU
		{60D5DCD4-EF7A-4C06-90A9-314D92EE4E50}.Debug|x64.ActiveCfg = Debug|Any CPU
		{60D5DCD4-EF7A-4C06-90A9-314D92EE4E50}.Debug|x86.ActiveCfg = Debug|Any CPU
		{60D5DCD4-EF7A-4C06-90A9-314D92EE4E50}.Release|Any CPU.ActiveCfg = Release|Any CPU
		{60D5DCD4-EF7A-4C06-90A9-314D92EE4E50}.Release|Any CPU.Build.0 = Release|Any CPU
		{60D5DCD4-EF7A-4C06-90A9-314D92EE4E50}.Release|x64.ActiveCfg = Release|Any CPU
		{60D5DCD4-EF7A-4C06-90A9-314D92EE4E50}.Release|x86.ActiveCfg = Release|Any CPU
	EndGlobalSection
	GlobalSection(SolutionProperties) = preSolution
		HideSolutionNode = FALSE
	EndGlobalSection
EndGlobal
